github.com/ebitengine/purego v0.10.0 h1:QIw4xfpWT6GWTzaW5XEKy3HXoqrJGx1ijYHzTF0/ISU=
github.com/ebitengine/purego v0.10.0/go.mod h1:iIjxzd6CiRiOG0UyXP+V1+jWqUXVjPKLAI0mRfJZTmQ=
github.com/gen2brain/raylib-go/raylib v0.60.1 h1:bZ9fRMOeIasK5Z9fNL8lnNVbCv9LevGIN//+gdvP+Zc=
github.com/gen2brain/raylib-go/raylib v0.60.1/go.mod h1:puAMU7Zcx6VJ6pcZSSs3gGFPyFvJuTwQlfm4KzeoXy8=
github.com/jupiterrider/ffi v0.7.0 h1:RKsl6Ascal+3kyAqR5Qcbp83LceQMLc1VZbPfHWoNzs=
github.com/jupiterrider/ffi v0.7.0/go.mod h1:9dauhpOfNqrqk28fxuu0kkdeFtT9Qr4vbfigiuIXN7c=
github.com/mlange-42/ark v0.8.3 h1:vgmV4EiwqYbW9adiO576zapzW/O0BhkuUT2IXlqJ43s=
github.com/mlange-42/ark v0.8.3/go.mod h1:gkS9cuklENPTmSjL2z4DcJgJsIVqF1yNwFlx48Hz/Sw=
github.com/struckchure/illusion v0.0.0-20261004211537-660cb3fbbfe0 h1:aWvlhvtsjtueJFopKeGNpLJ6yr3kSzP0JARGWW7ZOXk=
github.com/struckchure/illusion v0.0.0-20261004211537-660cb3fbbfe0/go.mod h1:YXrdCdA43ncCi4WP6p1bL9SwxDVj9KkkLJmeHof5EWI=
github.com/struckchure/illusion v0.0.0-20261006094134-abd805e12f14 h1:Sx/MzjA2NFRgm/z+ndTtGVwmAdD7RlI26E0gaJFeF38=
github.com/struckchure/illusion v0.0.0-20261006094134-abd805e12f14/go.mod h1:YXrdCdA43ncCi4WP6p1bL9SwxDVj9KkkLJmeHof5EWI=
github.com/struckchure/illusion v0.0.0-20261006120346-4b44c15cd7a7 h1:0Nt5WKU7j0GVOiY9XXcuY+THDX9r7tdXD/OXuBwcHKU=
github.com/struckchure/illusion v0.0.0-20261006120346-4b44c15cd7a7/go.mod h1:YXrdCdA43ncCi4WP6p1bL9SwxDVj9KkkLJmeHof5EWI=
github.com/struckchure/illusion v0.0.0-20261006123230-2e7d790f5699 h1:ndDdZ73YKaiaL0MkRfDDKFfTWS7CHfoRRiNUwR6spXo=
github.com/struckchure/illusion v0.0.0-20261006123230-2e7d790f5699/go.mod h1:YXrdCdA43ncCi4WP6p1bL9SwxDVj9KkkLJmeHof5EWI=
github.com/struckchure/illusion v0.0.0-20261006152503-caee480f8913 h1:fymdU/YQEqJLl33p27GuZL4huUq0a8fUettLUfpqTCs=
github.com/struckchure/illusion v0.0.0-20261006152503-caee480f8913/go.mod h1:YXrdCdA43ncCi4WP6p1bL9SwxDVj9KkkLJmeHof5EWI=
golang.org/x/exp v0.0.0-20240506185415-9bf2ced13842 h1:vr/HnozRka3pE4EsMEg1lgkXJkTFJCVUX+S/ZT6wYzM=
golang.org/x/exp v0.0.0-20240506185415-9bf2ced13842/go.mod h1:XtvwrStGgqGPLc4cjQfWqZHG1YFdYs6swckp8vpsjnc=
